
Microsoft Visual Studio Solution File, Format Version 12.00
# Visual Studio Version 17
VisualStudioVersion = 17.14.36121.58 d17.14
MinimumVisualStudioVersion = 10.0.40219.1
Project("{FAE04EC0-301F-11D3-BF4B-00C04F79EFBC}") = "Lab03ProductMinimalAPI", "Lab03ProductMinimalAPI\Lab03ProductMinimalAPI.csproj", "{766A31CB-93E3-4FBC-9B3F-BEE96E8FA704}"
EndProject
Global
	GlobalSection(SolutionConfigurationPlatforms) = preSolution
		Debug|Any CPU = Debug|Any CPU
		Release|Any CPU = Release|Any CPU
	EndGlobalSection
	GlobalSection(ProjectConfigurationPlatforms) = postSolution
		{766A31CB-93E3-4FBC-9B3F-BEE96E8FA704}.Debug|Any CPU.ActiveCfg = Debug|Any CPU
		{766A31CB-93E3-4FBC-9B3F-BEE96E8FA704}.Debug|Any CPU.Build.0 = Debug|Any CPU
		{766A31CB-93E3-4FBC-9B3F-BEE96E8FA704}.Release|Any CPU.ActiveCfg = Release|Any CPU
		{766A31CB-93E3-4FBC-9B3F-BEE96E8FA704}.Release|Any CPU.Build.0 = Release|Any CPU
	EndGlobalSection
	GlobalSection(SolutionProperties) = preSolution
		HideSolutionNode = FALSE
	EndGlobalSection
	GlobalSection(ExtensibilityGlobals) = postSolution
		SolutionGuid = {8BB05AC5-54E0-4D6F-9A64-591A7C91855D}
	EndGlobalSection
EndGlobal
